
Microsoft Visual Studio Solution File, Format Version 12.00
# Visual Studio Version 17
VisualStudioVersion = 17.3.32825.248
MinimumVisualStudioVersion = 10.0.40219.1
Project("{9A19103F-16F7-4668-BE54-9A1E7A4F7556}") = "pz_5", "pz_5\pz_5.csproj", "{B023CE4F-B911-4A06-AF8A-DF21BB1EAA0E}"
EndProject
Project("{FAE04EC0-301F-11D3-BF4B-00C04F79EFBC}") = "pz_6", "pz_6\pz_6.csproj", "{C70DF211-DC52-4446-899D-B23F364D2E71}"
EndProject
Global
	GlobalSection(SolutionConfigurationPlatforms) = preSolution
		Debug|Any CPU = Debug|Any CPU
		Release|Any CPU = Release|Any CPU
	EndGlobalSection
	GlobalSection(ProjectConfigurationPlatforms) = postSolution
		{B023CE4F-B911-4A06-AF8A-DF21BB1EAA0E}.Debug|Any CPU.ActiveCfg = Debug|Any CPU
		{B023CE4F-B911-4A06-AF8A-DF21BB1EAA0E}.Debug|Any CPU.Build.0 = Debug|Any CPU
		{B023CE4F-B911-4A06-AF8A-DF21BB1EAA0E}.Release|Any CPU.ActiveCfg = Release|Any CPU
		{B023CE4F-B911-4A06-AF8A-DF21BB1EAA0E}.Release|Any CPU.Build.0 = Release|Any CPU
		{C70DF211-DC52-4446-899D-B23F364D2E71}.Debug|Any CPU.ActiveCfg = Debug|Any CPU
		{C70DF211-DC52-4446-899D-B23F364D2E71}.Debug|Any CPU.Build.0 = Debug|Any CPU
		{C70DF211-DC52-4446-899D-B23F364D2E71}.Release|Any CPU.ActiveCfg = Release|Any CPU
		{C70DF211-DC52-4446-899D-B23F364D2E71}.Release|Any CPU.Build.0 = Release|Any CPU
	EndGlobalSection
	GlobalSection(SolutionProperties) = preSolution
		HideSolutionNode = FALSE
	EndGlobalSection
	GlobalSection(ExtensibilityGlobals) = postSolution
		SolutionGuid = {9322E3C0-4154-44F9-97CE-AFE224DC24AA}
	EndGlobalSection
EndGlobal
