
Microsoft Visual Studio Solution File, Format Version 11.00
# Visual Studio 2010
# SharpDevelop 4.4
Project("{FAE04EC0-301F-11D3-BF4B-00C04F79EFBC}") = "pz_22", "pz_22.csproj", "{18DF3B73-15C2-46AB-BC15-422A0A31F127}"
EndProject
Global
	GlobalSection(SolutionConfigurationPlatforms) = preSolution
		Debug|Any CPU = Debug|Any CPU
		Release|Any CPU = Release|Any CPU
	EndGlobalSection
	GlobalSection(ProjectConfigurationPlatforms) = postSolution
		{18DF3B73-15C2-46AB-BC15-422A0A31F127}.Debug|Any CPU.Build.0 = Debug|Any CPU
		{18DF3B73-15C2-46AB-BC15-422A0A31F127}.Debug|Any CPU.ActiveCfg = Debug|Any CPU
		{18DF3B73-15C2-46AB-BC15-422A0A31F127}.Release|Any CPU.Build.0 = Release|Any CPU
		{18DF3B73-15C2-46AB-BC15-422A0A31F127}.Release|Any CPU.ActiveCfg = Release|Any CPU
	EndGlobalSection
EndGlobal
